// !$*UTF8*$!
{
	archiveVersion = 1;
	classes = {
	};
	objectVersion = 46;
	objects = {

/* Begin PBXBuildFile section */
		4E4060C714ED676300FCB4AB /* Foundation.framework in Frameworks */ = {isa = PBXBuildFile; fileRef = 4E4060C614ED676300FCB4AB /* Foundation.framework */; };
		4E40610714ED68F000FCB4AB /* CoreLocation.framework in Frameworks */ = {isa = PBXBuildFile; fileRef = 4E40610614ED68F000FCB4AB /* CoreLocation.framework */; };
		C90CE529193FFA0800E7ED66 /* GeocodingRequest.h in Headers */ = {isa = PBXBuildFile; fileRef = C90CE51A193FFA0800E7ED66 /* GeocodingRequest.h */; };
		C90CE52A193FFA0800E7ED66 /* GeocodingRequest.m in Sources */ = {isa = PBXBuildFile; fileRef = C90CE51B193FFA0800E7ED66 /* GeocodingRequest.m */; };
		C90CE52B193FFA0800E7ED66 /* GeocodingResponse.h in Headers */ = {isa = PBXBuildFile; fileRef = C90CE51C193FFA0800E7ED66 /* GeocodingResponse.h */; };
		C90CE52C193FFA0800E7ED66 /* GeocodingResponse.m in Sources */ = {isa = PBXBuildFile; fileRef = C90CE51D193FFA0800E7ED66 /* GeocodingResponse.m */; };
		C90CE52F193FFA0800E7ED66 /* QPlacemarkInternal.h in Headers */ = {isa = PBXBuildFile; fileRef = C90CE520193FFA0800E7ED66 /* QPlacemarkInternal.h */; };
		C90CE530193FFA0800E7ED66 /* QPlacemarkInternal.m in Sources */ = {isa = PBXBuildFile; fileRef = C90CE521193FFA0800E7ED66 /* QPlacemarkInternal.m */; };
		C90CE531193FFA0800E7ED66 /* QRequestOperation.h in Headers */ = {isa = PBXBuildFile; fileRef = C90CE522193FFA0800E7ED66 /* QRequestOperation.h */; };
		C90CE532193FFA0800E7ED66 /* QRequestOperation.m in Sources */ = {isa = PBXBuildFile; fileRef = C90CE523193FFA0800E7ED66 /* QRequestOperation.m */; };
		C90CE533193FFA0800E7ED66 /* QGeocoder.h in Headers */ = {isa = PBXBuildFile; fileRef = C90CE524193FFA0800E7ED66 /* QGeocoder.h */; settings = {ATTRIBUTES = (Public, ); }; };
		C90CE534193FFA0800E7ED66 /* QGeocoder.m in Sources */ = {isa = PBXBuildFile; fileRef = C90CE525193FFA0800E7ED66 /* QGeocoder.m */; };
		C90CE535193FFA0800E7ED66 /* QPlacemark.h in Headers */ = {isa = PBXBuildFile; fileRef = C90CE526193FFA0800E7ED66 /* QPlacemark.h */; settings = {ATTRIBUTES = (Public, ); }; };
		C90CE536193FFA0800E7ED66 /* QPlacemark.m in Sources */ = {isa = PBXBuildFile; fileRef = C90CE527193FFA0800E7ED66 /* QPlacemark.m */; };
		C90CE537193FFA0800E7ED66 /* QGeocoder-Prefix.pch in Headers */ = {isa = PBXBuildFile; fileRef = C90CE528193FFA0800E7ED66 /* QGeocoder-Prefix.pch */; };
		C93C139319401169004191B4 /* XCTest.framework in Frameworks */ = {isa = PBXBuildFile; fileRef = C9E3E93419400C6800B92B33 /* XCTest.framework */; };
		C93C139419401169004191B4 /* Foundation.framework in Frameworks */ = {isa = PBXBuildFile; fileRef = 4E4060C614ED676300FCB4AB /* Foundation.framework */; };
		C93C139619401169004191B4 /* UIKit.framework in Frameworks */ = {isa = PBXBuildFile; fileRef = C93C139519401169004191B4 /* UIKit.framework */; };
		C93C139C19401169004191B4 /* InfoPlist.strings in Resources */ = {isa = PBXBuildFile; fileRef = C93C139A19401169004191B4 /* InfoPlist.strings */; };
		C93C139E19401169004191B4 /* QGeocoderTests.m in Sources */ = {isa = PBXBuildFile; fileRef = C93C139D19401169004191B4 /* QGeocoderTests.m */; };
		C93C13A5194011DB004191B4 /* GeocodingRequest.m in Sources */ = {isa = PBXBuildFile; fileRef = C90CE51B193FFA0800E7ED66 /* GeocodingRequest.m */; };
		C93C13A6194011DB004191B4 /* GeocodingResponse.m in Sources */ = {isa = PBXBuildFile; fileRef = C90CE51D193FFA0800E7ED66 /* GeocodingResponse.m */; };
		C93C13A8194011DB004191B4 /* QPlacemarkInternal.m in Sources */ = {isa = PBXBuildFile; fileRef = C90CE521193FFA0800E7ED66 /* QPlacemarkInternal.m */; };
		C93C13A9194011DB004191B4 /* QRequestOperation.m in Sources */ = {isa = PBXBuildFile; fileRef = C90CE523193FFA0800E7ED66 /* QRequestOperation.m */; };
		C93C13AA194011DB004191B4 /* QGeocoder.m in Sources */ = {isa = PBXBuildFile; fileRef = C90CE525193FFA0800E7ED66 /* QGeocoder.m */; };
		C93C13AB194011DB004191B4 /* QPlacemark.m in Sources */ = {isa = PBXBuildFile; fileRef = C90CE527193FFA0800E7ED66 /* QPlacemark.m */; };
/* End PBXBuildFile section */

/* Begin PBXContainerItemProxy section */
		C93C13A019401169004191B4 /* PBXContainerItemProxy */ = {
			isa = PBXContainerItemProxy;
			containerPortal = 4E4060BA14ED676300FCB4AB /* Project object */;
			proxyType = 1;
			remoteGlobalIDString = 4E4060C214ED676300FCB4AB;
			remoteInfo = QGeocoder;
		};
/* End PBXContainerItemProxy section */

/* Begin PBXFileReference section */
		4E4060C314ED676300FCB4AB /* libQGeocoder.a */ = {isa = PBXFileReference; explicitFileType = archive.ar; includeInIndex = 0; path = libQGeocoder.a; sourceTree = BUILT_PRODUCTS_DIR; };
		4E4060C614ED676300FCB4AB /* Foundation.framework */ = {isa = PBXFileReference; lastKnownFileType = wrapper.framework; name = Foundation.framework; path = System/Library/Frameworks/Foundation.framework; sourceTree = SDKROOT; };
		4E4060D414ED676300FCB4AB /* SenTestingKit.framework */ = {isa = PBXFileReference; lastKnownFileType = wrapper.framework; name = SenTestingKit.framework; path = Library/Frameworks/SenTestingKit.framework; sourceTree = DEVELOPER_DIR; };
		4E4060DE14ED676400FCB4AB /* QGeocoderTests-Info.plist */ = {isa = PBXFileReference; lastKnownFileType = text.plist.xml; path = "QGeocoderTests-Info.plist"; sourceTree = "<group>"; };
		4E4060E014ED676400FCB4AB /* en */ = {isa = PBXFileReference; lastKnownFileType = text.plist.strings; name = en; path = en.lproj/InfoPlist.strings; sourceTree = "<group>"; };
		4E40610614ED68F000FCB4AB /* CoreLocation.framework */ = {isa = PBXFileReference; lastKnownFileType = wrapper.framework; name = CoreLocation.framework; path = System/Library/Frameworks/CoreLocation.framework; sourceTree = SDKROOT; };
		C90CE51A193FFA0800E7ED66 /* GeocodingRequest.h */ = {isa = PBXFileReference; fileEncoding = 4; lastKnownFileType = sourcecode.c.h; path = GeocodingRequest.h; sourceTree = "<group>"; };
		C90CE51B193FFA0800E7ED66 /* GeocodingRequest.m */ = {isa = PBXFileReference; fileEncoding = 4; lastKnownFileType = sourcecode.c.objc; path = GeocodingRequest.m; sourceTree = "<group>"; };
		C90CE51C193FFA0800E7ED66 /* GeocodingResponse.h */ = {isa = PBXFileReference; fileEncoding = 4; lastKnownFileType = sourcecode.c.h; path = GeocodingResponse.h; sourceTree = "<group>"; };
		C90CE51D193FFA0800E7ED66 /* GeocodingResponse.m */ = {isa = PBXFileReference; fileEncoding = 4; lastKnownFileType = sourcecode.c.objc; path = GeocodingResponse.m; sourceTree = "<group>"; };
		C90CE520193FFA0800E7ED66 /* QPlacemarkInternal.h */ = {isa = PBXFileReference; fileEncoding = 4; lastKnownFileType = sourcecode.c.h; path = QPlacemarkInternal.h; sourceTree = "<group>"; };
		C90CE521193FFA0800E7ED66 /* QPlacemarkInternal.m */ = {isa = PBXFileReference; fileEncoding = 4; lastKnownFileType = sourcecode.c.objc; path = QPlacemarkInternal.m; sourceTree = "<group>"; };
		C90CE522193FFA0800E7ED66 /* QRequestOperation.h */ = {isa = PBXFileReference; fileEncoding = 4; lastKnownFileType = sourcecode.c.h; path = QRequestOperation.h; sourceTree = "<group>"; };
		C90CE523193FFA0800E7ED66 /* QRequestOperation.m */ = {isa = PBXFileReference; fileEncoding = 4; lastKnownFileType = sourcecode.c.objc; path = QRequestOperation.m; sourceTree = "<group>"; };
		C90CE524193FFA0800E7ED66 /* QGeocoder.h */ = {isa = PBXFileReference; fileEncoding = 4; lastKnownFileType = sourcecode.c.h; path = QGeocoder.h; sourceTree = "<group>"; };
		C90CE525193FFA0800E7ED66 /* QGeocoder.m */ = {isa = PBXFileReference; fileEncoding = 4; lastKnownFileType = sourcecode.c.objc; path = QGeocoder.m; sourceTree = "<group>"; };
		C90CE526193FFA0800E7ED66 /* QPlacemark.h */ = {isa = PBXFileReference; fileEncoding = 4; lastKnownFileType = sourcecode.c.h; path = QPlacemark.h; sourceTree = "<group>"; };
		C90CE527193FFA0800E7ED66 /* QPlacemark.m */ = {isa = PBXFileReference; fileEncoding = 4; lastKnownFileType = sourcecode.c.objc; path = QPlacemark.m; sourceTree = "<group>"; };
		C90CE528193FFA0800E7ED66 /* QGeocoder-Prefix.pch */ = {isa = PBXFileReference; fileEncoding = 4; lastKnownFileType = sourcecode.c.h; path = "QGeocoder-Prefix.pch"; sourceTree = "<group>"; };
		C90CE5471940081200E7ED66 /* QGeocoderTests.m */ = {isa = PBXFileReference; fileEncoding = 4; lastKnownFileType = sourcecode.c.objc; path = QGeocoderTests.m; sourceTree = "<group>"; };
		C93C139219401169004191B4 /* QGeocoderTests.xctest */ = {isa = PBXFileReference; explicitFileType = wrapper.cfbundle; includeInIndex = 0; path = QGeocoderTests.xctest; sourceTree = BUILT_PRODUCTS_DIR; };
		C93C139519401169004191B4 /* UIKit.framework */ = {isa = PBXFileReference; lastKnownFileType = wrapper.framework; name = UIKit.framework; path = System/Library/Frameworks/UIKit.framework; sourceTree = SDKROOT; };
		C93C139919401169004191B4 /* QGeocoderTests-Info.plist */ = {isa = PBXFileReference; lastKnownFileType = text.plist.xml; path = "QGeocoderTests-Info.plist"; sourceTree = "<group>"; };
		C93C139B19401169004191B4 /* en */ = {isa = PBXFileReference; lastKnownFileType = text.plist.strings; name = en; path = en.lproj/InfoPlist.strings; sourceTree = "<group>"; };
		C93C139D19401169004191B4 /* QGeocoderTests.m */ = {isa = PBXFileReference; lastKnownFileType = sourcecode.c.objc; path = QGeocoderTests.m; sourceTree = "<group>"; };
		C93C139F19401169004191B4 /* QGeocoderTests-Prefix.pch */ = {isa = PBXFileReference; lastKnownFileType = sourcecode.c.h; path = "QGeocoderTests-Prefix.pch"; sourceTree = "<group>"; };
		C9E3E93419400C6800B92B33 /* XCTest.framework */ = {isa = PBXFileReference; lastKnownFileType = wrapper.framework; name = XCTest.framework; path = Library/Frameworks/XCTest.framework; sourceTree = DEVELOPER_DIR; };
/* End PBXFileReference section */

/* Begin PBXFrameworksBuildPhase section */
		4E4060C014ED676300FCB4AB /* Frameworks */ = {
			isa = PBXFrameworksBuildPhase;
			buildActionMask = 2147483647;
			files = (
				4E40610714ED68F000FCB4AB /* CoreLocation.framework in Frameworks */,
				4E4060C714ED676300FCB4AB /* Foundation.framework in Frameworks */,
			);
			runOnlyForDeploymentPostprocessing = 0;
		};
		C93C138F19401169004191B4 /* Frameworks */ = {
			isa = PBXFrameworksBuildPhase;
			buildActionMask = 2147483647;
			files = (
				C93C139319401169004191B4 /* XCTest.framework in Frameworks */,
				C93C139619401169004191B4 /* UIKit.framework in Frameworks */,
				C93C139419401169004191B4 /* Foundation.framework in Frameworks */,
			);
			runOnlyForDeploymentPostprocessing = 0;
		};
/* End PBXFrameworksBuildPhase section */

/* Begin PBXGroup section */
		4E4060B814ED676300FCB4AB = {
			isa = PBXGroup;
			children = (
				C90CE517193FFA0800E7ED66 /* QGeocoder */,
				4E4060DC14ED676300FCB4AB /* QGeocoderTests */,
				C93C139719401169004191B4 /* QGeocoderTests */,
				4E4060C514ED676300FCB4AB /* Frameworks */,
				4E4060C414ED676300FCB4AB /* Products */,
			);
			sourceTree = "<group>";
		};
		4E4060C414ED676300FCB4AB /* Products */ = {
			isa = PBXGroup;
			children = (
				4E4060C314ED676300FCB4AB /* libQGeocoder.a */,
				C93C139219401169004191B4 /* QGeocoderTests.xctest */,
			);
			name = Products;
			sourceTree = "<group>";
		};
		4E4060C514ED676300FCB4AB /* Frameworks */ = {
			isa = PBXGroup;
			children = (
				C9E3E93419400C6800B92B33 /* XCTest.framework */,
				4E40610614ED68F000FCB4AB /* CoreLocation.framework */,
				4E4060C614ED676300FCB4AB /* Foundation.framework */,
				4E4060D414ED676300FCB4AB /* SenTestingKit.framework */,
				C93C139519401169004191B4 /* UIKit.framework */,
			);
			name = Frameworks;
			sourceTree = "<group>";
		};
		4E4060DC14ED676300FCB4AB /* QGeocoderTests */ = {
			isa = PBXGroup;
			children = (
				C90CE5471940081200E7ED66 /* QGeocoderTests.m */,
				4E4060DD14ED676400FCB4AB /* Supporting Files */,
			);
			path = QGeocoderTests;
			sourceTree = "<group>";
		};
		4E4060DD14ED676400FCB4AB /* Supporting Files */ = {
			isa = PBXGroup;
			children = (
				4E4060DE14ED676400FCB4AB /* QGeocoderTests-Info.plist */,
				4E4060DF14ED676400FCB4AB /* InfoPlist.strings */,
			);
			name = "Supporting Files";
			sourceTree = "<group>";
		};
		C90CE517193FFA0800E7ED66 /* QGeocoder */ = {
			isa = PBXGroup;
			children = (
				C90CE518193FFA0800E7ED66 /* Classes */,
				C90CE528193FFA0800E7ED66 /* QGeocoder-Prefix.pch */,
			);
			path = QGeocoder;
			sourceTree = "<group>";
		};
		C90CE518193FFA0800E7ED66 /* Classes */ = {
			isa = PBXGroup;
			children = (
				C90CE519193FFA0800E7ED66 /* Exclude */,
				C90CE524193FFA0800E7ED66 /* QGeocoder.h */,
				C90CE525193FFA0800E7ED66 /* QGeocoder.m */,
				C90CE526193FFA0800E7ED66 /* QPlacemark.h */,
				C90CE527193FFA0800E7ED66 /* QPlacemark.m */,
			);
			path = Classes;
			sourceTree = "<group>";
		};
		C90CE519193FFA0800E7ED66 /* Exclude */ = {
			isa = PBXGroup;
			children = (
				C90CE51A193FFA0800E7ED66 /* GeocodingRequest.h */,
				C90CE51B193FFA0800E7ED66 /* GeocodingRequest.m */,
				C90CE51C193FFA0800E7ED66 /* GeocodingResponse.h */,
				C90CE51D193FFA0800E7ED66 /* GeocodingResponse.m */,
				C90CE520193FFA0800E7ED66 /* QPlacemarkInternal.h */,
				C90CE521193FFA0800E7ED66 /* QPlacemarkInternal.m */,
				C90CE522193FFA0800E7ED66 /* QRequestOperation.h */,
				C90CE523193FFA0800E7ED66 /* QRequestOperation.m */,
			);
			path = Exclude;
			sourceTree = "<group>";
		};
		C93C139719401169004191B4 /* QGeocoderTests */ = {
			isa = PBXGroup;
			children = (
				C93C139D19401169004191B4 /* QGeocoderTests.m */,
				C93C139819401169004191B4 /* Supporting Files */,
			);
			path = QGeocoderTests;
			sourceTree = "<group>";
		};
		C93C139819401169004191B4 /* Supporting Files */ = {
			isa = PBXGroup;
			children = (
				C93C139919401169004191B4 /* QGeocoderTests-Info.plist */,
				C93C139A19401169004191B4 /* InfoPlist.strings */,
				C93C139F19401169004191B4 /* QGeocoderTests-Prefix.pch */,
			);
			name = "Supporting Files";
			sourceTree = "<group>";
		};
/* End PBXGroup section */

/* Begin PBXHeadersBuildPhase section */
		4E4060C114ED676300FCB4AB /* Headers */ = {
			isa = PBXHeadersBuildPhase;
			buildActionMask = 2147483647;
			files = (
				C90CE52B193FFA0800E7ED66 /* GeocodingResponse.h in Headers */,
				C90CE529193FFA0800E7ED66 /* GeocodingRequest.h in Headers */,
				C90CE531193FFA0800E7ED66 /* QRequestOperation.h in Headers */,
				C90CE533193FFA0800E7ED66 /* QGeocoder.h in Headers */,
				C90CE537193FFA0800E7ED66 /* QGeocoder-Prefix.pch in Headers */,
				C90CE52F193FFA0800E7ED66 /* QPlacemarkInternal.h in Headers */,
				C90CE535193FFA0800E7ED66 /* QPlacemark.h in Headers */,
			);
			runOnlyForDeploymentPostprocessing = 0;
		};
/* End PBXHeadersBuildPhase section */

/* Begin PBXNativeTarget section */
		4E4060C214ED676300FCB4AB /* QGeocoder */ = {
			isa = PBXNativeTarget;
			buildConfigurationList = 4E4060E714ED676400FCB4AB /* Build configuration list for PBXNativeTarget "QGeocoder" */;
			buildPhases = (
				4E4060BF14ED676300FCB4AB /* Sources */,
				4E4060C014ED676300FCB4AB /* Frameworks */,
				4E4060C114ED676300FCB4AB /* Headers */,
			);
			buildRules = (
			);
			dependencies = (
			);
			name = QGeocoder;
			productName = QGeocoder;
			productReference = 4E4060C314ED676300FCB4AB /* libQGeocoder.a */;
			productType = "com.apple.product-type.library.static";
		};
		C93C139119401169004191B4 /* QGeocoderTests */ = {
			isa = PBXNativeTarget;
			buildConfigurationList = C93C13A219401169004191B4 /* Build configuration list for PBXNativeTarget "QGeocoderTests" */;
			buildPhases = (
				C93C138E19401169004191B4 /* Sources */,
				C93C138F19401169004191B4 /* Frameworks */,
				C93C139019401169004191B4 /* Resources */,
			);
			buildRules = (
			);
			dependencies = (
				C93C13A119401169004191B4 /* PBXTargetDependency */,
			);
			name = QGeocoderTests;
			productName = QGeocoderTests;
			productReference = C93C139219401169004191B4 /* QGeocoderTests.xctest */;
			productType = "com.apple.product-type.bundle.unit-test";
		};
/* End PBXNativeTarget section */

/* Begin PBXProject section */
		4E4060BA14ED676300FCB4AB /* Project object */ = {
			isa = PBXProject;
			attributes = {
				LastTestingUpgradeCheck = 0600;
				LastUpgradeCheck = 0600;
				TargetAttributes = {
					C93C139119401169004191B4 = {
						TestTargetID = 4E4060C214ED676300FCB4AB;
					};
				};
			};
			buildConfigurationList = 4E4060BD14ED676300FCB4AB /* Build configuration list for PBXProject "QGeocoder" */;
			compatibilityVersion = "Xcode 3.2";
			developmentRegion = English;
			hasScannedForEncodings = 0;
			knownRegions = (
				en,
			);
			mainGroup = 4E4060B814ED676300FCB4AB;
			productRefGroup = 4E4060C414ED676300FCB4AB /* Products */;
			projectDirPath = "";
			projectRoot = "";
			targets = (
				4E4060C214ED676300FCB4AB /* QGeocoder */,
				C93C139119401169004191B4 /* QGeocoderTests */,
			);
		};
/* End PBXProject section */

/* Begin PBXResourcesBuildPhase section */
		C93C139019401169004191B4 /* Resources */ = {
			isa = PBXResourcesBuildPhase;
			buildActionMask = 2147483647;
			files = (
				C93C139C19401169004191B4 /* InfoPlist.strings in Resources */,
			);
			runOnlyForDeploymentPostprocessing = 0;
		};
/* End PBXResourcesBuildPhase section */

/* Begin PBXSourcesBuildPhase section */
		4E4060BF14ED676300FCB4AB /* Sources */ = {
			isa = PBXSourcesBuildPhase;
			buildActionMask = 2147483647;
			files = (
				C90CE536193FFA0800E7ED66 /* QPlacemark.m in Sources */,
				C90CE532193FFA0800E7ED66 /* QRequestOperation.m in Sources */,
				C90CE534193FFA0800E7ED66 /* QGeocoder.m in Sources */,
				C90CE530193FFA0800E7ED66 /* QPlacemarkInternal.m in Sources */,
				C90CE52A193FFA0800E7ED66 /* GeocodingRequest.m in Sources */,
				C90CE52C193FFA0800E7ED66 /* GeocodingResponse.m in Sources */,
			);
			runOnlyForDeploymentPostprocessing = 0;
		};
		C93C138E19401169004191B4 /* Sources */ = {
			isa = PBXSourcesBuildPhase;
			buildActionMask = 2147483647;
			files = (
				C93C13A5194011DB004191B4 /* GeocodingRequest.m in Sources */,
				C93C13A6194011DB004191B4 /* GeocodingResponse.m in Sources */,
				C93C13A8194011DB004191B4 /* QPlacemarkInternal.m in Sources */,
				C93C13A9194011DB004191B4 /* QRequestOperation.m in Sources */,
				C93C13AA194011DB004191B4 /* QGeocoder.m in Sources */,
				C93C13AB194011DB004191B4 /* QPlacemark.m in Sources */,
				C93C139E19401169004191B4 /* QGeocoderTests.m in Sources */,
			);
			runOnlyForDeploymentPostprocessing = 0;
		};
/* End PBXSourcesBuildPhase section */

/* Begin PBXTargetDependency section */
		C93C13A119401169004191B4 /* PBXTargetDependency */ = {
			isa = PBXTargetDependency;
			target = 4E4060C214ED676300FCB4AB /* QGeocoder */;
			targetProxy = C93C13A019401169004191B4 /* PBXContainerItemProxy */;
		};
/* End PBXTargetDependency section */

/* Begin PBXVariantGroup section */
		4E4060DF14ED676400FCB4AB /* InfoPlist.strings */ = {
			isa = PBXVariantGroup;
			children = (
				4E4060E014ED676400FCB4AB /* en */,
			);
			name = InfoPlist.strings;
			sourceTree = "<group>";
		};
		C93C139A19401169004191B4 /* InfoPlist.strings */ = {
			isa = PBXVariantGroup;
			children = (
				C93C139B19401169004191B4 /* en */,
			);
			name = InfoPlist.strings;
			sourceTree = "<group>";
		};
/* End PBXVariantGroup section */

/* Begin XCBuildConfiguration section */
		4E4060E514ED676400FCB4AB /* Debug */ = {
			isa = XCBuildConfiguration;
			buildSettings = {
				CLANG_ENABLE_OBJC_ARC = YES;
				CLANG_WARN_BOOL_CONVERSION = YES;
				CLANG_WARN_CONSTANT_CONVERSION = YES;
				CLANG_WARN_EMPTY_BODY = YES;
				CLANG_WARN_ENUM_CONVERSION = YES;
				CLANG_WARN_INT_CONVERSION = YES;
				CLANG_WARN_UNREACHABLE_CODE = YES;
				CLANG_WARN__DUPLICATE_METHOD_MATCH = YES;
				COPY_PHASE_STRIP = NO;
				ENABLE_STRICT_OBJC_MSGSEND = YES;
				GCC_C_LANGUAGE_STANDARD = gnu99;
				GCC_DYNAMIC_NO_PIC = NO;
				GCC_OPTIMIZATION_LEVEL = 0;
				GCC_PREPROCESSOR_DEFINITIONS = (
					"DEBUG=1",
					"$(inherited)",
				);
				GCC_SYMBOLS_PRIVATE_EXTERN = NO;
				GCC_VERSION = com.apple.compilers.llvm.clang.1_0;
				GCC_WARN_64_TO_32_BIT_CONVERSION = YES;
				GCC_WARN_ABOUT_MISSING_PROTOTYPES = YES;
				GCC_WARN_ABOUT_RETURN_TYPE = YES;
				GCC_WARN_UNDECLARED_SELECTOR = YES;
				GCC_WARN_UNINITIALIZED_AUTOS = YES;
				GCC_WARN_UNUSED_FUNCTION = YES;
				GCC_WARN_UNUSED_VARIABLE = YES;
				IPHONEOS_DEPLOYMENT_TARGET = 5.1.1;
				ONLY_ACTIVE_ARCH = YES;
				PRODUCT_NAME = QGeocoder;
				SDKROOT = iphoneos;
			};
			name = Debug;
		};
		4E4060E614ED676400FCB4AB /* Release */ = {
			isa = XCBuildConfiguration;
			buildSettings = {
				CLANG_ENABLE_OBJC_ARC = YES;
				CLANG_WARN_BOOL_CONVERSION = YES;
				CLANG_WARN_CONSTANT_CONVERSION = YES;
				CLANG_WARN_EMPTY_BODY = YES;
				CLANG_WARN_ENUM_CONVERSION = YES;
				CLANG_WARN_INT_CONVERSION = YES;
				CLANG_WARN_UNREACHABLE_CODE = YES;
				CLANG_WARN__DUPLICATE_METHOD_MATCH = YES;
				COPY_PHASE_STRIP = YES;
				ENABLE_STRICT_OBJC_MSGSEND = YES;
				GCC_C_LANGUAGE_STANDARD = gnu99;
				GCC_VERSION = com.apple.compilers.llvm.clang.1_0;
				GCC_WARN_64_TO_32_BIT_CONVERSION = YES;
				GCC_WARN_ABOUT_MISSING_PROTOTYPES = YES;
				GCC_WARN_ABOUT_RETURN_TYPE = YES;
				GCC_WARN_UNDECLARED_SELECTOR = YES;
				GCC_WARN_UNINITIALIZED_AUTOS = YES;
				GCC_WARN_UNUSED_FUNCTION = YES;
				GCC_WARN_UNUSED_VARIABLE = YES;
				IPHONEOS_DEPLOYMENT_TARGET = 5.1.1;
				PRODUCT_NAME = QGeocoder;
				SDKROOT = iphoneos;
				VALIDATE_PRODUCT = YES;
			};
			name = Release;
		};
		4E4060E814ED676400FCB4AB /* Debug */ = {
			isa = XCBuildConfiguration;
			buildSettings = {
				DSTROOT = /tmp/QGeocoder.dst;
				GCC_PRECOMPILE_PREFIX_HEADER = YES;
				GCC_PREFIX_HEADER = "QGeocoder/QGeocoder-Prefix.pch";
				OTHER_LDFLAGS = "-ObjC";
				SKIP_INSTALL = YES;
			};
			name = Debug;
		};
		4E4060E914ED676400FCB4AB /* Release */ = {
			isa = XCBuildConfiguration;
			buildSettings = {
				DSTROOT = /tmp/QGeocoder.dst;
				GCC_PRECOMPILE_PREFIX_HEADER = YES;
				GCC_PREFIX_HEADER = "QGeocoder/QGeocoder-Prefix.pch";
				OTHER_LDFLAGS = "-ObjC";
				SKIP_INSTALL = YES;
			};
			name = Release;
		};
		C93C13A319401169004191B4 /* Debug */ = {
			isa = XCBuildConfiguration;
			buildSettings = {
				ALWAYS_SEARCH_USER_PATHS = NO;
				CLANG_CXX_LANGUAGE_STANDARD = "gnu++0x";
				CLANG_CXX_LIBRARY = "libc++";
				CLANG_ENABLE_MODULES = YES;
				CLANG_WARN_DIRECT_OBJC_ISA_USAGE = YES_ERROR;
				CLANG_WARN_OBJC_ROOT_CLASS = YES_ERROR;
				FRAMEWORK_SEARCH_PATHS = (
					"$(SDKROOT)/Developer/Library/Frameworks",
					"$(inherited)",
					"$(DEVELOPER_FRAMEWORKS_DIR)",
				);
				GCC_PRECOMPILE_PREFIX_HEADER = YES;
				GCC_PREFIX_HEADER = "QGeocoderTests/QGeocoderTests-Prefix.pch";
				GCC_PREPROCESSOR_DEFINITIONS = (
					"DEBUG=1",
					"$(inherited)",
				);
				GCC_WARN_ABOUT_RETURN_TYPE = YES_ERROR;
				GCC_WARN_UNINITIALIZED_AUTOS = YES_AGGRESSIVE;
				INFOPLIST_FILE = "QGeocoderTests/QGeocoderTests-Info.plist";
				IPHONEOS_DEPLOYMENT_TARGET = 7.1;
				PRODUCT_NAME = "$(TARGET_NAME)";
				WRAPPER_EXTENSION = xctest;
			};
			name = Debug;
		};
		C93C13A419401169004191B4 /* Release */ = {
			isa = XCBuildConfiguration;
			buildSettings = {
				ALWAYS_SEARCH_USER_PATHS = NO;
				CLANG_CXX_LANGUAGE_STANDARD = "gnu++0x";
				CLANG_CXX_LIBRARY = "libc++";
				CLANG_ENABLE_MODULES = YES;
				CLANG_WARN_DIRECT_OBJC_ISA_USAGE = YES_ERROR;
				CLANG_WARN_OBJC_ROOT_CLASS = YES_ERROR;
				ENABLE_NS_ASSERTIONS = NO;
				FRAMEWORK_SEARCH_PATHS = (
					"$(SDKROOT)/Developer/Library/Frameworks",
					"$(inherited)",
					"$(DEVELOPER_FRAMEWORKS_DIR)",
				);
				GCC_PRECOMPILE_PREFIX_HEADER = YES;
				GCC_PREFIX_HEADER = "QGeocoderTests/QGeocoderTests-Prefix.pch";
				GCC_WARN_ABOUT_RETURN_TYPE = YES_ERROR;
				GCC_WARN_UNINITIALIZED_AUTOS = YES_AGGRESSIVE;
				INFOPLIST_FILE = "QGeocoderTests/QGeocoderTests-Info.plist";
				IPHONEOS_DEPLOYMENT_TARGET = 7.1;
				PRODUCT_NAME = "$(TARGET_NAME)";
				WRAPPER_EXTENSION = xctest;
			};
			name = Release;
		};
/* End XCBuildConfiguration section */

/* Begin XCConfigurationList section */
		4E4060BD14ED676300FCB4AB /* Build configuration list for PBXProject "QGeocoder" */ = {
			isa = XCConfigurationList;
			buildConfigurations = (
				4E4060E514ED676400FCB4AB /* Debug */,
				4E4060E614ED676400FCB4AB /* Release */,
			);
			defaultConfigurationIsVisible = 0;
			defaultConfigurationName = Release;
		};
		4E4060E714ED676400FCB4AB /* Build configuration list for PBXNativeTarget "QGeocoder" */ = {
			isa = XCConfigurationList;
			buildConfigurations = (
				4E4060E814ED676400FCB4AB /* Debug */,
				4E4060E914ED676400FCB4AB /* Release */,
			);
			defaultConfigurationIsVisible = 0;
			defaultConfigurationName = Release;
		};
		C93C13A219401169004191B4 /* Build configuration list for PBXNativeTarget "QGeocoderTests" */ = {
			isa = XCConfigurationList;
			buildConfigurations = (
				C93C13A319401169004191B4 /* Debug */,
				C93C13A419401169004191B4 /* Release */,
			);
			defaultConfigurationIsVisible = 0;
			defaultConfigurationName = Release;
		};
/* End XCConfigurationList section */
	};
	rootObject = 4E4060BA14ED676300FCB4AB /* Project object */;
}
